
Microsoft Visual Studio Solution File, Format Version 11.00
# Visual Studio 2010
# SharpDevelop 5.1
Project("{FAE04EC0-301F-11D3-BF4B-00C04F79EFBC}") = "NavyBattles-CSharp", "NavyBattles-CSharp.csproj", "{69536F13-44C1-4D76-A459-4C5252265503}"
EndProject
Global
	GlobalSection(SolutionConfigurationPlatforms) = preSolution
		Debug|Any CPU = Debug|Any CPU
		Release|Any CPU = Release|Any CPU
	EndGlobalSection
	GlobalSection(ProjectConfigurationPlatforms) = postSolution
		{69536F13-44C1-4D76-A459-4C5252265503}.Debug|Any CPU.ActiveCfg = Debug|Any CPU
		{69536F13-44C1-4D76-A459-4C5252265503}.Debug|Any CPU.Build.0 = Debug|Any CPU
		{69536F13-44C1-4D76-A459-4C5252265503}.Release|Any CPU.ActiveCfg = Release|Any CPU
		{69536F13-44C1-4D76-A459-4C5252265503}.Release|Any CPU.Build.0 = Release|Any CPU
	EndGlobalSection
EndGlobal
